PODS:
  - CocoaLumberjack (1.9.0):
    - CocoaLumberjack/Extensions
  - CocoaLumberjack/Core (1.9.0)
  - CocoaLumberjack/Extensions (1.9.0):
    - CocoaLumberjack/Core
  - Kiwi/ARC (2.2.4)
  - Kiwi/NonARC (2.2.4)
  - Kiwi/XCTest (2.2.4):
    - Kiwi/ARC
    - Kiwi/NonARC
  - ZLIUtils (0.0.1):
    - CocoaLumberjack

DEPENDENCIES:
  - Kiwi/XCTest
  - ZLIUtils (from `../ios_utils`)

EXTERNAL SOURCES:
  ZLIUtils:
    :path: ../ios_utils

SPEC CHECKSUMS:
  CocoaLumberjack: 5766cdd1d0a24bcf15a133c6023747346bf786dd
  Kiwi: c73667f2b84cbf36f1a3830267c5a4ae8dcbd8ba
  ZLIUtils: 617d2af95c93ed591e533c38f7f50183ee111b3c

COCOAPODS: 0.33.1
